{
  "name": "desafio-comeia",
  "version": "1.0.0",
  "lockfileVersion": 3,
  "requires": true,
  "packages": {
    "": {
      "name": "desafio-comeia",
      "version": "1.0.0",
      "cpu": [
        "x64"
      ],
      "os": [
        "linux"
      ],
      "engines": {
        "node": "^20.13.1",
        "npm": "^10.5.2"
      }
    }
  }
}
